{
  "projects": [
    {
      "projectId": "enk3K4vZ6pmH6kVCoZJXGn",
      "version": "4.9.0",
      "dependencies": {},
      "lang": "ts",
      "fileLocks": [
        {
          "assetId": "enk3K4vZ6pmH6kVCoZJXGn",
          "type": "projectCss",
          "checksum": "b7e440b69177fbb60796859414b6765e"
        }
      ],
      "codegenVersion": "0.0.1"
    },
    {
      "projectId": "caTPwKxj5ZrD9LQ7DMdK4Z",
      "version": "3.13.0",
      "dependencies": {},
      "lang": "ts",
      "fileLocks": [
        {
          "assetId": "caTPwKxj5ZrD9LQ7DMdK4Z",
          "type": "projectCss",
          "checksum": "5ec17907b444e5bfe21e4e6d853dfb8b"
        }
      ],
      "codegenVersion": "0.0.1"
    },
    {
      "projectId": "pQ8S4ksMaRtjf4LUNyJVwk",
      "version": "latest",
      "dependencies": {
        "caTPwKxj5ZrD9LQ7DMdK4Z": "3.13.0",
        "enk3K4vZ6pmH6kVCoZJXGn": "4.9.0"
      },
      "lang": "ts",
      "fileLocks": [
        {
          "type": "globalVariant",
          "assetId": "0AKxbeQgHDnfsy",
          "checksum": "c7dc70e4d5ce54dd13ddf7d863ff1fc0"
        },
        {
          "type": "globalVariant",
          "assetId": "B-sLp2Yc5_",
          "checksum": "2af67d1be80f99f56738ab219080b817"
        },
        {
          "assetId": "pQ8S4ksMaRtjf4LUNyJVwk",
          "type": "projectCss",
          "checksum": "50e32d872e6bf0ef8443f9ab7b8ae2fd"
        },
        {
          "type": "renderModule",
          "assetId": "QM6oypJUBsNsh",
          "checksum": "562e6b1f67ca63dfb4a7f1063b2a35fb"
        },
        {
          "type": "cssRules",
          "assetId": "QM6oypJUBsNsh",
          "checksum": "562e6b1f67ca63dfb4a7f1063b2a35fb"
        },
        {
          "type": "renderModule",
          "assetId": "FS9TNd8gFxWLy",
          "checksum": "cada1ee4318ecb8705d027da33d1cd7d"
        },
        {
          "type": "cssRules",
          "assetId": "FS9TNd8gFxWLy",
          "checksum": "cada1ee4318ecb8705d027da33d1cd7d"
        },
        {
          "type": "renderModule",
          "assetId": "U-O7o3saIllC5C",
          "checksum": "1414ee23d389c38f86058a31a1b92746"
        },
        {
          "type": "cssRules",
          "assetId": "U-O7o3saIllC5C",
          "checksum": "1414ee23d389c38f86058a31a1b92746"
        },
        {
          "type": "icon",
          "assetId": "uBa0bIPP1uW5ZV",
          "checksum": "80c624aeffb253f18cf1bc42c8b30d20"
        },
        {
          "type": "icon",
          "assetId": "Xm9qmMCcKOTCKB",
          "checksum": "0300b99f1185dc10c03863a8ab2ff34d"
        },
        {
          "type": "icon",
          "assetId": "e6r7uZ6Khx83_i",
          "checksum": "0aa08e6b47d7ef16d656e73f44d85d04"
        },
        {
          "type": "icon",
          "assetId": "CIHJNtHjDvxzJO",
          "checksum": "c03136dcff0b15f528c4065497e91165"
        },
        {
          "type": "icon",
          "assetId": "-5skflCodsWzJ3",
          "checksum": "593472c74c3f4faefd3d6c9a1b9b7385"
        },
        {
          "type": "icon",
          "assetId": "2XPkdIPWLW6OL1",
          "checksum": "3bb6d57b6d212ba5ef9b26748976e9c3"
        },
        {
          "type": "image",
          "assetId": "1TYI_iAHUviHJl",
          "checksum": "848548fdd85b15c5a4fe4238bdcf5ab7"
        },
        {
          "type": "image",
          "assetId": "jQg-NRm80m7BpY",
          "checksum": "3ffec610dc10526f1f9746e6ecd3c3c7"
        },
        {
          "type": "image",
          "assetId": "Pn_ykvuqux1SkV",
          "checksum": "e9783cc48772b6ed3eb71aceec33bef4"
        },
        {
          "type": "image",
          "assetId": "t0vE9vhb5GIAL1",
          "checksum": "903332dd4c675e5982ea14aded72d3bb"
        },
        {
          "type": "image",
          "assetId": "44REHTyWGeLVHd",
          "checksum": "d23a8d44bc6057e0736138c46cfcae02"
        },
        {
          "type": "image",
          "assetId": "uU11eklrpV7WY3",
          "checksum": "dfdd305951b5a99025af9977b6b12a11"
        },
        {
          "type": "image",
          "assetId": "8DXIvxQdD1fcys",
          "checksum": "0edad759fded15302fe5ca797c3d6369"
        },
        {
          "type": "image",
          "assetId": "FsgemDHiP5zLjr",
          "checksum": "8ae32a3f8aab76595d2d90d6110161f8"
        },
        {
          "type": "image",
          "assetId": "m35hWfKg1lRIAS",
          "checksum": "8a304920cef22c605cf7c03dd3175307"
        },
        {
          "type": "image",
          "assetId": "7S7KCmtnkzoP1c",
          "checksum": "0784588edc638de361ebed8d83ed74d4"
        },
        {
          "type": "image",
          "assetId": "GYFGTyDgK9ReMW",
          "checksum": "30b6d0a68acd05305eb344cf748e93ba"
        },
        {
          "type": "image",
          "assetId": "EeWDzz5fnTex2b",
          "checksum": "72da27863aaaba307baeec0d94cde82a"
        },
        {
          "type": "image",
          "assetId": "5mqDv4b31z5cWt",
          "checksum": "a94d8663e659d6a75224c28bf1157388"
        },
        {
          "type": "image",
          "assetId": "oP_5-PNxqjVXQl",
          "checksum": "71e7a358c581c0667acb4232c4cf70c1"
        },
        {
          "type": "image",
          "assetId": "FSYENssLdsZIns",
          "checksum": "a996174ebd77962d7845e089522cd292"
        },
        {
          "type": "image",
          "assetId": "bCulq0pV-rEiZH",
          "checksum": "a7bc89d7fc580c73642fba0855c8aa6b"
        },
        {
          "type": "image",
          "assetId": "KFKDap2TVgQsIN",
          "checksum": "72136aac43109ff9852e60cadfa752d8"
        },
        {
          "type": "image",
          "assetId": "fZV9SJJRc2fF49",
          "checksum": "ec88b71b5417258edda6f44e243e7ba3"
        },
        {
          "type": "image",
          "assetId": "8RSDWUQ7ZgWTe3",
          "checksum": "4880a949bac8e5e5197be19880531c02"
        },
        {
          "type": "image",
          "assetId": "Uu1Vu9IAnXBjek",
          "checksum": "d60dcbc7c5afd8676f9322d3f95c6396"
        },
        {
          "type": "image",
          "assetId": "srdQqLwNh1nTH6",
          "checksum": "f482fdbe379d88cccc9813dc65f7ca74"
        },
        {
          "type": "image",
          "assetId": "XW0r04fH9R4LVP",
          "checksum": "40f72f81fd6b15e93cae9b6fa4ff82cf"
        },
        {
          "type": "image",
          "assetId": "FD8nE5sKWhis2n",
          "checksum": "b0adbacaa012ff7c001915b66af89193"
        },
        {
          "type": "image",
          "assetId": "DJEEK3YE_V2waI",
          "checksum": "1218c810fc0660f03c2c5387ea1ac45d"
        }
      ],
      "codegenVersion": "0.0.1"
    }
  ],
  "cliVersion": "0.1.231"
}
